{
  "nodes": {
    "firefox-addons": {
      "inputs": {
        "nixpkgs": [
          "nixpkgs"
        ]
      },
      "locked": {
        "dir": "pkgs/firefox-addons",
        "lastModified": 1775620985,
        "narHash": "sha256-NJGd7xMwj8dsi9/NZqBNJsiomFYgvPMt20CD/hNZ7u4=",
        "owner": "rycee",
        "repo": "nur-expressions",
        "rev": "eced9d6469dcdd1e1767fd329fe60abd1471e08e",
        "type": "gitlab"
      },
      "original": {
        "dir": "pkgs/firefox-addons",
        "owner": "rycee",
        "repo": "nur-expressions",
        "type": "gitlab"
      }
    },
    "hardware": {
      "locked": {
        "lastModified": 1775490113,
        "narHash": "sha256-2ZBhDNZZwYkRmefK5XLOusCJHnoeKkoN95hoSGgMxWM=",
        "owner": "nixos",
        "repo": "nixos-hardware",
        "rev": "c775c2772ba56e906cbeb4e0b2db19079ef11ff7",
        "type": "github"
      },
      "original": {
        "owner": "nixos",
        "repo": "nixos-hardware",
        "type": "github"
      }
    },
    "home-manager": {
      "inputs": {
        "nixpkgs": [
          "nixpkgs"
        ]
      },
      "locked": {
        "lastModified": 1775425411,
        "narHash": "sha256-KY6HsebJHEe5nHOWP7ur09mb0drGxYSzE3rQxy62rJo=",
        "owner": "nix-community",
        "repo": "home-manager",
        "rev": "0d02ec1d0a05f88ef9e74b516842900c41f0f2fe",
        "type": "github"
      },
      "original": {
        "owner": "nix-community",
        "ref": "release-25.11",
        "repo": "home-manager",
        "type": "github"
      }
    },
    "nixpkgs": {
      "locked": {
        "lastModified": 1775525138,
        "narHash": "sha256-BQb70+B378ECLO8iQT3P/b1hCC5/CJVHZdeulY8futc=",
        "owner": "nixos",
        "repo": "nixpkgs",
        "rev": "d96b37bbeb9840f1c0ebfe90585ef5067b69bbb3",
        "type": "github"
      },
      "original": {
        "owner": "nixos",
        "ref": "nixos-25.11",
        "repo": "nixpkgs",
        "type": "github"
      }
    },
    "root": {
      "inputs": {
        "firefox-addons": "firefox-addons",
        "hardware": "hardware",
        "home-manager": "home-manager",
        "nixpkgs": "nixpkgs"
      }
    }
  },
  "root": "root",
  "version": 7
}
