{
  "nodes": {
    "firefox-addons": {
      "inputs": {
        "nixpkgs": [
          "nixpkgs"
        ]
      },
      "locked": {
        "dir": "pkgs/firefox-addons",
        "lastModified": 1749009805,
        "narHash": "sha256-eRv4m89aPJvIAX9mZQcJM+l3sYG+OJvcLsiHvAvXalg=",
        "owner": "rycee",
        "repo": "nur-expressions",
        "rev": "622c38d004cdded682d9a5ab7323181dc6efb0c1",
        "type": "gitlab"
      },
      "original": {
        "dir": "pkgs/firefox-addons",
        "owner": "rycee",
        "repo": "nur-expressions",
        "type": "gitlab"
      }
    },
    "hardware": {
      "locked": {
        "lastModified": 1749056381,
        "narHash": "sha256-QITcurR19KZlrCngBoCjsFF2BdYsiCG4UqmlrVcLb8Q=",
        "owner": "nixos",
        "repo": "nixos-hardware",
        "rev": "029bd66faa180e11262dd1bc2732254c33415f52",
        "type": "github"
      },
      "original": {
        "owner": "nixos",
        "repo": "nixos-hardware",
        "type": "github"
      }
    },
    "home-manager": {
      "inputs": {
        "nixpkgs": [
          "nixpkgs"
        ]
      },
      "locked": {
        "lastModified": 1748665073,
        "narHash": "sha256-RMhjnPKWtCoIIHiuR9QKD7xfsKb3agxzMfJY8V9MOew=",
        "owner": "nix-community",
        "repo": "home-manager",
        "rev": "282e1e029cb6ab4811114fc85110613d72771dea",
        "type": "github"
      },
      "original": {
        "owner": "nix-community",
        "ref": "release-25.05",
        "repo": "home-manager",
        "type": "github"
      }
    },
    "nixpkgs": {
      "locked": {
        "lastModified": 1749024892,
        "narHash": "sha256-OGcDEz60TXQC+gVz5sdtgGJdKVYr6rwdzQKuZAJQpCA=",
        "owner": "nixos",
        "repo": "nixpkgs",
        "rev": "8f1b52b04f2cb6e5ead50bd28d76528a2f0380ef",
        "type": "github"
      },
      "original": {
        "owner": "nixos",
        "ref": "nixos-25.05",
        "repo": "nixpkgs",
        "type": "github"
      }
    },
    "root": {
      "inputs": {
        "firefox-addons": "firefox-addons",
        "hardware": "hardware",
        "home-manager": "home-manager",
        "nixpkgs": "nixpkgs"
      }
    }
  },
  "root": "root",
  "version": 7
}
